
Microsoft Visual Studio Solution File, Format Version 12.00
# Visual Studio Version 16
VisualStudioVersion = 16.0.29613.14
MinimumVisualStudioVersion = 10.0.40219.1
Project("{FAE04EC0-301F-11D3-BF4B-00C04F79EFBC}") = "TriviaNight", "TriviaNight\TriviaNight.csproj", "{8BF5E47F-AB3C-46E7-AFA0-301C725CC18C}"
EndProject
Global
	GlobalSection(SolutionConfigurationPlatforms) = preSolution
		Debug|Any CPU = Debug|Any CPU
		Release|Any CPU = Release|Any CPU
	EndGlobalSection
	GlobalSection(ProjectConfigurationPlatforms) = postSolution
		{8BF5E47F-AB3C-46E7-AFA0-301C725CC18C}.Debug|Any CPU.ActiveCfg = Debug|Any CPU
		{8BF5E47F-AB3C-46E7-AFA0-301C725CC18C}.Debug|Any CPU.Build.0 = Debug|Any CPU
		{8BF5E47F-AB3C-46E7-AFA0-301C725CC18C}.Release|Any CPU.ActiveCfg = Release|Any CPU
		{8BF5E47F-AB3C-46E7-AFA0-301C725CC18C}.Release|Any CPU.Build.0 = Release|Any CPU
	EndGlobalSection
	GlobalSection(SolutionProperties) = preSolution
		HideSolutionNode = FALSE
	EndGlobalSection
	GlobalSection(ExtensibilityGlobals) = postSolution
		SolutionGuid = {BC48273E-ED8B-49A4-8B23-389907E99692}
	EndGlobalSection
EndGlobal
