
Microsoft Visual Studio Solution File, Format Version 12.00
# Visual Studio Version 16
VisualStudioVersion = 16.0.29613.14
MinimumVisualStudioVersion = 10.0.40219.1
Project("{FAE04EC0-301F-11D3-BF4B-00C04F79EFBC}") = "RockPaperScissors", "RockPaperScissors\RockPaperScissors.csproj", "{47E2E0D9-1096-4061-91B8-836D14085196}"
EndProject
Global
	GlobalSection(SolutionConfigurationPlatforms) = preSolution
		Debug|Any CPU = Debug|Any CPU
		Release|Any CPU = Release|Any CPU
	EndGlobalSection
	GlobalSection(ProjectConfigurationPlatforms) = postSolution
		{47E2E0D9-1096-4061-91B8-836D14085196}.Debug|Any CPU.ActiveCfg = Debug|Any CPU
		{47E2E0D9-1096-4061-91B8-836D14085196}.Debug|Any CPU.Build.0 = Debug|Any CPU
		{47E2E0D9-1096-4061-91B8-836D14085196}.Release|Any CPU.ActiveCfg = Release|Any CPU
		{47E2E0D9-1096-4061-91B8-836D14085196}.Release|Any CPU.Build.0 = Release|Any CPU
	EndGlobalSection
	GlobalSection(SolutionProperties) = preSolution
		HideSolutionNode = FALSE
	EndGlobalSection
	GlobalSection(ExtensibilityGlobals) = postSolution
		SolutionGuid = {B7DC6B23-F0F2-4CEB-8A61-47560CF49839}
	EndGlobalSection
EndGlobal
