
Microsoft Visual Studio Solution File, Format Version 12.00
# Visual Studio Version 16
VisualStudioVersion = 16.0.29613.14
MinimumVisualStudioVersion = 10.0.40219.1
Project("{FAE04EC0-301F-11D3-BF4B-00C04F79EFBC}") = "FieldDay", "FieldDay\FieldDay.csproj", "{59089B8C-B4A7-4FD9-AC95-D436784D666D}"
EndProject
Global
	GlobalSection(SolutionConfigurationPlatforms) = preSolution
		Debug|Any CPU = Debug|Any CPU
		Release|Any CPU = Release|Any CPU
	EndGlobalSection
	GlobalSection(ProjectConfigurationPlatforms) = postSolution
		{59089B8C-B4A7-4FD9-AC95-D436784D666D}.Debug|Any CPU.ActiveCfg = Debug|Any CPU
		{59089B8C-B4A7-4FD9-AC95-D436784D666D}.Debug|Any CPU.Build.0 = Debug|Any CPU
		{59089B8C-B4A7-4FD9-AC95-D436784D666D}.Release|Any CPU.ActiveCfg = Release|Any CPU
		{59089B8C-B4A7-4FD9-AC95-D436784D666D}.Release|Any CPU.Build.0 = Release|Any CPU
	EndGlobalSection
	GlobalSection(SolutionProperties) = preSolution
		HideSolutionNode = FALSE
	EndGlobalSection
	GlobalSection(ExtensibilityGlobals) = postSolution
		SolutionGuid = {2728AF48-E832-4F95-898C-244C3BA33ADE}
	EndGlobalSection
EndGlobal
